<?xml version="1.0" encoding="utf-8"?>
<Project ToolsVersion="4.0" xmlns="http://schemas.microsoft.com/developer/msbuild/2003">
  <ItemGroup>
    <Filter Include="Source Files">
      <UniqueIdentifier>{4FC737F1-C7A5-4376-A066-2A32D752A2FF}</UniqueIdentifier>
      <Extensions>cpp;c;cc;cxx;def;odl;idl;hpj;bat;asm;asmx</Extensions>
    </Filter>
    <Filter Include="Header Files">
      <UniqueIdentifier>{93995380-89BD-4b04-88EB-625FBE52EBFB}</UniqueIdentifier>
      <Extensions>h;hpp;hxx;hm;inl;inc;xsd</Extensions>
    </Filter>
    <Filter Include="Resource Files">
      <UniqueIdentifier>{67DA6AB6-F800-4c08-8B7A-83BB121AAD01}</UniqueIdentifier>
      <Extensions>rc;ico;cur;bmp;dlg;rc2;rct;bin;rgs;gif;jpg;jpeg;jpe;resx;tiff;tif;png;wav;mfcribbon-ms</Extensions>
    </Filter>
  </ItemGroup>
  <ItemGroup>
    <ClInclude Include="stdafx.h">
      <Filter>Header Files</Filter>
    </ClInclude>
    <ClInclude Include="targetver.h">
      <Filter>Header Files</Filter>
    </ClInclude>
    <ClInclude Include="IntermediateCode.h">
      <Filter>Header Files</Filter>
    </ClInclude>
    <ClInclude Include="CFG.h">
      <Filter>Header Files</Filter>
    </ClInclude>
    <ClInclude Include="Optimization.h">
      <Filter>Header Files</Filter>
    </ClInclude>
    <ClInclude Include="CompileError.h">
      <Filter>Header Files</Filter>
    </ClInclude>
    <ClInclude Include="InterferenceAnalysis.h">
      <Filter>Header Files</Filter>
    </ClInclude>
    <ClInclude Include="TransformInvariant.h">
      <Filter>Header Files</Filter>
    </ClInclude>
    <ClInclude Include="ScopeDictionary.h">
      <Filter>Header Files</Filter>
    </ClInclude>
    <ClInclude Include=".\CodeEmitter_x86.h">
      <Filter>Header Files</Filter>
    </ClInclude>
    <ClInclude Include=".\X86_ICode.h">
      <Filter>Header Files</Filter>
    </ClInclude>
    <ClInclude Include="Assembly_x86.h">
      <Filter>Header Files</Filter>
    </ClInclude>
    <ClInclude Include=".\X86CodeGen.h">
      <Filter>Header Files</Filter>
    </ClInclude>
    <ClInclude Include="BitIntSet.h">
      <Filter>Header Files</Filter>
    </ClInclude>
    <ClInclude Include="IntSet.h">
      <Filter>Header Files</Filter>
    </ClInclude>
  </ItemGroup>
  <ItemGroup>
    <ClCompile Include="stdafx.cpp">
      <Filter>Source Files</Filter>
    </ClCompile>
    <ClCompile Include="Instruction_x86.cpp">
      <Filter>Source Files</Filter>
    </ClCompile>
    <ClCompile Include="CFG.cpp">
      <Filter>Source Files</Filter>
    </ClCompile>
    <ClCompile Include="IntermediateCode.cpp">
      <Filter>Source Files</Filter>
    </ClCompile>
    <ClCompile Include=".\Optimizer_DeadCodeElimination.cpp">
      <Filter>Source Files</Filter>
    </ClCompile>
    <ClCompile Include=".\Optimizer_UselessInstructionRemoval.cpp">
      <Filter>Source Files</Filter>
    </ClCompile>
    <ClCompile Include="Optimizer_VariableCleanup.cpp">
      <Filter>Source Files</Filter>
    </ClCompile>
    <ClCompile Include="Optimizer_ConstIndirectionRemoval.cpp">
      <Filter>Source Files</Filter>
    </ClCompile>
    <ClCompile Include="Transform_OutOfSSA.cpp">
      <Filter>Source Files</Filter>
    </ClCompile>
    <ClCompile Include="InterferenceAnalysis.cpp">
      <Filter>Source Files</Filter>
    </ClCompile>
    <ClCompile Include="TransformInvariant.cpp">
      <Filter>Source Files</Filter>
    </ClCompile>
    <ClCompile Include=".\Transform_RegisterAllocationX86.cpp">
      <Filter>Source Files</Filter>
    </ClCompile>
    <ClCompile Include=".\CodeEmitter_x86.cpp">
      <Filter>Source Files</Filter>
    </ClCompile>
    <ClCompile Include="X86_ICode.cpp">
      <Filter>Source Files</Filter>
    </ClCompile>
    <ClCompile Include="Optimizer_BranchFuse.cpp">
      <Filter>Source Files</Filter>
    </ClCompile>
    <ClCompile Include="Assembly_x86.cpp">
      <Filter>Source Files</Filter>
    </ClCompile>
    <ClCompile Include=".\X86CodeGen.cpp">
      <Filter>Source Files</Filter>
    </ClCompile>
    <ClCompile Include=".\Optimizer_ControlFlowCleanup.cpp">
      <Filter>Source Files</Filter>
    </ClCompile>
    <ClCompile Include="Optimizer_PeepHole.cpp">
      <Filter>Source Files</Filter>
    </ClCompile>
  </ItemGroup>
</Project>
